# This file is automatically @generated by Cargo.
# It is not intended for manual editing.
version = 4

[[package]]
name = "reasoner-closure"
version = "0.0.0"

[[package]]
name = "reasoner-hardware-ext"
version = "0.0.0"

[[package]]
name = "reasoner-harness"
version = "0.0.0"

[[package]]
name = "reasoner-incremental"
version = "0.0.0"

[[package]]
name = "reasoner-ml"
version = "0.0.0"

[[package]]
name = "reasoner-owlrl"
version = "0.0.0"

[[package]]
name = "reasoner-sparql"
version = "0.0.0"

[[package]]
name = "reasoner-storage"
version = "0.0.0"

[[package]]
name = "reasoner-wcoj"
version = "0.0.0"
